
Microsoft Visual Studio Solution File, Format Version 12.00
# Visual Studio 15
Project("{FAE04EC0-301F-11D3-BF4B-00C04F79EFBC}") = "UnityEngine.UI", "UnityEngine.UI.csproj", "{723286A0-7D56-96D8-9757-5ED59A72149D}"
EndProject
Project("{FAE04EC0-301F-11D3-BF4B-00C04F79EFBC}") = "UnityEngine.TestRunner", "UnityEngine.TestRunner.csproj", "{8AD29D76-8364-EED7-B869-3C947DD46B29}"
EndProject
Project("{FAE04EC0-301F-11D3-BF4B-00C04F79EFBC}") = "Unity.Mathematics", "Unity.Mathematics.csproj", "{4CA99047-E2C9-CB57-F094-F321B306A9EC}"
EndProject
Project("{FAE04EC0-301F-11D3-BF4B-00C04F79EFBC}") = "Unity.Timeline", "Unity.Timeline.csproj", "{26DDA255-A2A7-FEC9-B932-6921B3F41B67}"
EndProject
Project("{FAE04EC0-301F-11D3-BF4B-00C04F79EFBC}") = "Assembly-CSharp", "Assembly-CSharp.csproj", "{21FE1FC0-CC42-F993-5A0B-9C8CCF0415B8}"
EndProject
Project("{FAE04EC0-301F-11D3-BF4B-00C04F79EFBC}") = "Unity.TextMeshPro", "Unity.TextMeshPro.csproj", "{8EDE5BEC-4A9D-0887-A688-2FAF1343A82F}"
EndProject
Project("{FAE04EC0-301F-11D3-BF4B-00C04F79EFBC}") = "Unity.2D.Animation.Runtime", "Unity.2D.Animation.Runtime.csproj", "{2132988B-11BD-1385-947D-AD5EC272EB38}"
EndProject
Project("{FAE04EC0-301F-11D3-BF4B-00C04F79EFBC}") = "Unity.2D.IK.Runtime", "Unity.2D.IK.Runtime.csproj", "{6AE04920-A2AD-3747-1FE1-EE6A887F1488}"
EndProject
Project("{FAE04EC0-301F-11D3-BF4B-00C04F79EFBC}") = "Unity.2D.SpriteShape.Runtime", "Unity.2D.SpriteShape.Runtime.csproj", "{DF65D665-0B4F-399D-5346-1101B8228C74}"
EndProject
Project("{FAE04EC0-301F-11D3-BF4B-00C04F79EFBC}") = "Unity.2D.PixelPerfect", "Unity.2D.PixelPerfect.csproj", "{9B34EBE9-224B-CFAF-3739-E7FDEAF0A205}"
EndProject
Project("{FAE04EC0-301F-11D3-BF4B-00C04F79EFBC}") = "Unity.2D.Common.Runtime", "Unity.2D.Common.Runtime.csproj", "{963C125E-3BCF-E427-D3F4-E87E1B7644A1}"
EndProject
Project("{FAE04EC0-301F-11D3-BF4B-00C04F79EFBC}") = "Unity.InternalAPIEngineBridge.001", "Unity.InternalAPIEngineBridge.001.csproj", "{0C477D94-606A-DE08-517E-8A1D006703A4}"
EndProject
Project("{FAE04EC0-301F-11D3-BF4B-00C04F79EFBC}") = "Tests", "Tests.csproj", "{580551BB-E2EC-0B31-CD7F-A8790360337D}"
EndProject
Project("{FAE04EC0-301F-11D3-BF4B-00C04F79EFBC}") = "UnityEditor.TestRunner", "UnityEditor.TestRunner.csproj", "{60C5E9AF-0AF6-2CBF-C35A-61D3568F5519}"
EndProject
Project("{FAE04EC0-301F-11D3-BF4B-00C04F79EFBC}") = "Unity.PlasticSCM.Editor", "Unity.PlasticSCM.Editor.csproj", "{F1EFF6E4-F571-470C-F3BF-46761FF9560B}"
EndProject
Project("{FAE04EC0-301F-11D3-BF4B-00C04F79EFBC}") = "Unity.2D.Animation.Triangle.Editor", "Unity.2D.Animation.Triangle.Editor.csproj", "{CB595247-E610-01B8-F713-C56E466480A6}"
EndProject
Project("{FAE04EC0-301F-11D3-BF4B-00C04F79EFBC}") = "UnityEditor.UI", "UnityEditor.UI.csproj", "{A24F893F-10AE-304A-2BA9-768B0AB75E25}"
EndProject
Project("{FAE04EC0-301F-11D3-BF4B-00C04F79EFBC}") = "Unity.Services.Core.Editor", "Unity.Services.Core.Editor.csproj", "{B0FD6B3F-D93E-09B1-3210-1D9A187A95B4}"
EndProject
Project("{FAE04EC0-301F-11D3-BF4B-00C04F79EFBC}") = "Unity.Timeline.Editor", "Unity.Timeline.Editor.csproj", "{9BAB591A-DE5E-D924-806C-9D7BCFBE8E99}"
EndProject
Project("{FAE04EC0-301F-11D3-BF4B-00C04F79EFBC}") = "Unity.VisualStudio.Editor", "Unity.VisualStudio.Editor.csproj", "{ADACE478-D242-0417-2718-1A7622AD649E}"
EndProject
Project("{FAE04EC0-301F-11D3-BF4B-00C04F79EFBC}") = "Unity.2D.Psdimporter.Editor", "Unity.2D.Psdimporter.Editor.csproj", "{9C7441E0-62A3-5F77-114B-3555E382EF22}"
EndProject
Project("{FAE04EC0-301F-11D3-BF4B-00C04F79EFBC}") = "Unity.2D.Animation.Editor", "Unity.2D.Animation.Editor.csproj", "{F4E8BAC4-2920-10F8-6417-217A43B07062}"
EndProject
Project("{FAE04EC0-301F-11D3-BF4B-00C04F79EFBC}") = "Unity.TextMeshPro.Editor", "Unity.TextMeshPro.Editor.csproj", "{EF9512AE-1454-0637-44B3-149CDE2509FA}"
EndProject
Project("{FAE04EC0-301F-11D3-BF4B-00C04F79EFBC}") = "Unity.2D.SpriteShape.Editor", "Unity.2D.SpriteShape.Editor.csproj", "{F3267DD8-47ED-D878-7280-70D1A747E2AA}"
EndProject
Project("{FAE04EC0-301F-11D3-BF4B-00C04F79EFBC}") = "Unity.CollabProxy.Editor", "Unity.CollabProxy.Editor.csproj", "{2C702B8C-420B-EC33-3534-8AC2B0D7DCDC}"
EndProject
Project("{FAE04EC0-301F-11D3-BF4B-00C04F79EFBC}") = "PsdPlugin", "PsdPlugin.csproj", "{531F5289-4304-CE1C-CC2A-D1195A83B68C}"
EndProject
Project("{FAE04EC0-301F-11D3-BF4B-00C04F79EFBC}") = "Unity.2D.Path.Editor", "Unity.2D.Path.Editor.csproj", "{87ECD0A9-D01A-5C88-69B3-D9CC98E745A2}"
EndProject
Project("{FAE04EC0-301F-11D3-BF4B-00C04F79EFBC}") = "Unity.Rider.Editor", "Unity.Rider.Editor.csproj", "{03B57CBE-D692-AFAC-112C-1DE184DB1DAA}"
EndProject
Project("{FAE04EC0-301F-11D3-BF4B-00C04F79EFBC}") = "Unity.2D.IK.Editor", "Unity.2D.IK.Editor.csproj", "{AD79B88C-E320-2B7E-33B4-7B2F55BEFAD5}"
EndProject
Project("{FAE04EC0-301F-11D3-BF4B-00C04F79EFBC}") = "Unity.2D.Sprite.Editor", "Unity.2D.Sprite.Editor.csproj", "{3F0E7879-58E6-AB25-B1DE-91C8E070E50F}"
EndProject
Project("{FAE04EC0-301F-11D3-BF4B-00C04F79EFBC}") = "Unity.2D.Tilemap.Editor", "Unity.2D.Tilemap.Editor.csproj", "{73080E22-FDAA-B94F-929A-A4687BD2A3BF}"
EndProject
Project("{FAE04EC0-301F-11D3-BF4B-00C04F79EFBC}") = "Unity.2D.PixelPerfect.Editor", "Unity.2D.PixelPerfect.Editor.csproj", "{26C805B6-CCBF-80DC-4ECD-70F8608C9FCD}"
EndProject
Project("{FAE04EC0-301F-11D3-BF4B-00C04F79EFBC}") = "Unity.VSCode.Editor", "Unity.VSCode.Editor.csproj", "{F459E4FD-7BCA-9C0A-F318-283449E2A0C7}"
EndProject
Project("{FAE04EC0-301F-11D3-BF4B-00C04F79EFBC}") = "Unity.2D.Common.Editor", "Unity.2D.Common.Editor.csproj", "{ADF2B955-040C-2AE9-BE97-EA1EC6513AD5}"
EndProject
Project("{FAE04EC0-301F-11D3-BF4B-00C04F79EFBC}") = "Unity.Mathematics.Editor", "Unity.Mathematics.Editor.csproj", "{3E814FDC-3163-416D-659E-1DE95A7C147A}"
EndProject
Project("{FAE04EC0-301F-11D3-BF4B-00C04F79EFBC}") = "Unity.InternalAPIEditorBridge.001", "Unity.InternalAPIEditorBridge.001.csproj", "{C5B61B16-4DAD-D603-E6B7-D684986B1F84}"
EndProject
Project("{FAE04EC0-301F-11D3-BF4B-00C04F79EFBC}") = "UnityEngine.UI", "UnityEngine.UI.Player.csproj", "{0DBB75DE-5B66-220C-D31F-C433F72435F8}"
EndProject
Project("{FAE04EC0-301F-11D3-BF4B-00C04F79EFBC}") = "UnityEngine.TestRunner", "UnityEngine.TestRunner.Player.csproj", "{500574DC-4E4D-F901-DA74-381CECD397D8}"
EndProject
Project("{FAE04EC0-301F-11D3-BF4B-00C04F79EFBC}") = "Unity.Mathematics", "Unity.Mathematics.Player.csproj", "{0EC82B0B-FC00-8462-A0C9-722F74B763A2}"
EndProject
Project("{FAE04EC0-301F-11D3-BF4B-00C04F79EFBC}") = "Unity.Timeline", "Unity.Timeline.Player.csproj", "{00CCC973-73F4-89E2-CD67-B324B96AED02}"
EndProject
Project("{FAE04EC0-301F-11D3-BF4B-00C04F79EFBC}") = "Assembly-CSharp", "Assembly-CSharp.Player.csproj", "{90A5021F-D76A-CFE0-DE11-3D555AAB9E6C}"
EndProject
Project("{FAE04EC0-301F-11D3-BF4B-00C04F79EFBC}") = "Unity.TextMeshPro", "Unity.TextMeshPro.Player.csproj", "{48A6D42F-BB86-9245-82DE-C539E79FBBCC}"
EndProject
Project("{FAE04EC0-301F-11D3-BF4B-00C04F79EFBC}") = "Unity.2D.Animation.Runtime", "Unity.2D.Animation.Runtime.Player.csproj", "{5D0BC394-56A6-247A-C5F1-3828CB5FE7B4}"
EndProject
Project("{FAE04EC0-301F-11D3-BF4B-00C04F79EFBC}") = "Unity.2D.IK.Runtime", "Unity.2D.IK.Runtime.Player.csproj", "{E209E202-FED5-1876-3BAB-8E5BD31E172B}"
EndProject
Project("{FAE04EC0-301F-11D3-BF4B-00C04F79EFBC}") = "Unity.2D.SpriteShape.Runtime", "Unity.2D.SpriteShape.Runtime.Player.csproj", "{556F0382-B842-7DD7-1AAF-C6FBFFBBDDF6}"
EndProject
Project("{FAE04EC0-301F-11D3-BF4B-00C04F79EFBC}") = "Unity.2D.PixelPerfect", "Unity.2D.PixelPerfect.Player.csproj", "{19F5BB0B-D9A5-02E1-306D-6B7BD16B75D4}"
EndProject
Project("{FAE04EC0-301F-11D3-BF4B-00C04F79EFBC}") = "Unity.2D.Common.Runtime", "Unity.2D.Common.Runtime.Player.csproj", "{586686E2-E8D9-18BD-1D25-F134E34F6B30}"
EndProject
Project("{FAE04EC0-301F-11D3-BF4B-00C04F79EFBC}") = "Unity.InternalAPIEngineBridge.001", "Unity.InternalAPIEngineBridge.001.Player.csproj", "{57704955-E813-75CB-B371-AD4BD3E99448}"
EndProject
Project("{FAE04EC0-301F-11D3-BF4B-00C04F79EFBC}") = "Tests", "Tests.Player.csproj", "{6D3FE9E5-E1CE-AA75-8CFC-B863761DABC5}"
EndProject
Global
	GlobalSection(SolutionConfigurationPlatforms) = preSolution
		Debug|Any CPU = Debug|Any CPU
		Release|Any CPU = Release|Any CPU
	EndGlobalSection
	GlobalSection(ProjectConfigurationPlatforms) = postSolution
		{723286A0-7D56-96D8-9757-5ED59A72149D}.Debug|Any CPU.ActiveCfg = Debug|Any CPU
		{723286A0-7D56-96D8-9757-5ED59A72149D}.Debug|Any CPU.Build.0 = Debug|Any CPU
		{723286A0-7D56-96D8-9757-5ED59A72149D}.Release|Any CPU.ActiveCfg = Release|Any CPU
		{723286A0-7D56-96D8-9757-5ED59A72149D}.Release|Any CPU.Build.0 = Release|Any CPU
		{8AD29D76-8364-EED7-B869-3C947DD46B29}.Debug|Any CPU.ActiveCfg = Debug|Any CPU
		{8AD29D76-8364-EED7-B869-3C947DD46B29}.Debug|Any CPU.Build.0 = Debug|Any CPU
		{8AD29D76-8364-EED7-B869-3C947DD46B29}.Release|Any CPU.ActiveCfg = Release|Any CPU
		{8AD29D76-8364-EED7-B869-3C947DD46B29}.Release|Any CPU.Build.0 = Release|Any CPU
		{4CA99047-E2C9-CB57-F094-F321B306A9EC}.Debug|Any CPU.ActiveCfg = Debug|Any CPU
		{4CA99047-E2C9-CB57-F094-F321B306A9EC}.Debug|Any CPU.Build.0 = Debug|Any CPU
		{4CA99047-E2C9-CB57-F094-F321B306A9EC}.Release|Any CPU.ActiveCfg = Release|Any CPU
		{4CA99047-E2C9-CB57-F094-F321B306A9EC}.Release|Any CPU.Build.0 = Release|Any CPU
		{26DDA255-A2A7-FEC9-B932-6921B3F41B67}.Debug|Any CPU.ActiveCfg = Debug|Any CPU
		{26DDA255-A2A7-FEC9-B932-6921B3F41B67}.Debug|Any CPU.Build.0 = Debug|Any CPU
		{26DDA255-A2A7-FEC9-B932-6921B3F41B67}.Release|Any CPU.ActiveCfg = Release|Any CPU
		{26DDA255-A2A7-FEC9-B932-6921B3F41B67}.Release|Any CPU.Build.0 = Release|Any CPU
		{21FE1FC0-CC42-F993-5A0B-9C8CCF0415B8}.Debug|Any CPU.ActiveCfg = Debug|Any CPU
		{21FE1FC0-CC42-F993-5A0B-9C8CCF0415B8}.Debug|Any CPU.Build.0 = Debug|Any CPU
		{21FE1FC0-CC42-F993-5A0B-9C8CCF0415B8}.Release|Any CPU.ActiveCfg = Release|Any CPU
		{21FE1FC0-CC42-F993-5A0B-9C8CCF0415B8}.Release|Any CPU.Build.0 = Release|Any CPU
		{8EDE5BEC-4A9D-0887-A688-2FAF1343A82F}.Debug|Any CPU.ActiveCfg = Debug|Any CPU
		{8EDE5BEC-4A9D-0887-A688-2FAF1343A82F}.Debug|Any CPU.Build.0 = Debug|Any CPU
		{8EDE5BEC-4A9D-0887-A688-2FAF1343A82F}.Release|Any CPU.ActiveCfg = Release|Any CPU
		{8EDE5BEC-4A9D-0887-A688-2FAF1343A82F}.Release|Any CPU.Build.0 = Release|Any CPU
		{2132988B-11BD-1385-947D-AD5EC272EB38}.Debug|Any CPU.ActiveCfg = Debug|Any CPU
		{2132988B-11BD-1385-947D-AD5EC272EB38}.Debug|Any CPU.Build.0 = Debug|Any CPU
		{2132988B-11BD-1385-947D-AD5EC272EB38}.Release|Any CPU.ActiveCfg = Release|Any CPU
		{2132988B-11BD-1385-947D-AD5EC272EB38}.Release|Any CPU.Build.0 = Release|Any CPU
		{6AE04920-A2AD-3747-1FE1-EE6A887F1488}.Debug|Any CPU.ActiveCfg = Debug|Any CPU
		{6AE04920-A2AD-3747-1FE1-EE6A887F1488}.Debug|Any CPU.Build.0 = Debug|Any CPU
		{6AE04920-A2AD-3747-1FE1-EE6A887F1488}.Release|Any CPU.ActiveCfg = Release|Any CPU
		{6AE04920-A2AD-3747-1FE1-EE6A887F1488}.Release|Any CPU.Build.0 = Release|Any CPU
		{DF65D665-0B4F-399D-5346-1101B8228C74}.Debug|Any CPU.ActiveCfg = Debug|Any CPU
		{DF65D665-0B4F-399D-5346-1101B8228C74}.Debug|Any CPU.Build.0 = Debug|Any CPU
		{DF65D665-0B4F-399D-5346-1101B8228C74}.Release|Any CPU.ActiveCfg = Release|Any CPU
		{DF65D665-0B4F-399D-5346-1101B8228C74}.Release|Any CPU.Build.0 = Release|Any CPU
		{9B34EBE9-224B-CFAF-3739-E7FDEAF0A205}.Debug|Any CPU.ActiveCfg = Debug|Any CPU
		{9B34EBE9-224B-CFAF-3739-E7FDEAF0A205}.Debug|Any CPU.Build.0 = Debug|Any CPU
		{9B34EBE9-224B-CFAF-3739-E7FDEAF0A205}.Release|Any CPU.ActiveCfg = Release|Any CPU
		{9B34EBE9-224B-CFAF-3739-E7FDEAF0A205}.Release|Any CPU.Build.0 = Release|Any CPU
		{963C125E-3BCF-E427-D3F4-E87E1B7644A1}.Debug|Any CPU.ActiveCfg = Debug|Any CPU
		{963C125E-3BCF-E427-D3F4-E87E1B7644A1}.Debug|Any CPU.Build.0 = Debug|Any CPU
		{963C125E-3BCF-E427-D3F4-E87E1B7644A1}.Release|Any CPU.ActiveCfg = Release|Any CPU
		{963C125E-3BCF-E427-D3F4-E87E1B7644A1}.Release|Any CPU.Build.0 = Release|Any CPU
		{0C477D94-606A-DE08-517E-8A1D006703A4}.Debug|Any CPU.ActiveCfg = Debug|Any CPU
		{0C477D94-606A-DE08-517E-8A1D006703A4}.Debug|Any CPU.Build.0 = Debug|Any CPU
		{0C477D94-606A-DE08-517E-8A1D006703A4}.Release|Any CPU.ActiveCfg = Release|Any CPU
		{0C477D94-606A-DE08-517E-8A1D006703A4}.Release|Any CPU.Build.0 = Release|Any CPU
		{580551BB-E2EC-0B31-CD7F-A8790360337D}.Debug|Any CPU.ActiveCfg = Debug|Any CPU
		{580551BB-E2EC-0B31-CD7F-A8790360337D}.Debug|Any CPU.Build.0 = Debug|Any CPU
		{580551BB-E2EC-0B31-CD7F-A8790360337D}.Release|Any CPU.ActiveCfg = Release|Any CPU
		{580551BB-E2EC-0B31-CD7F-A8790360337D}.Release|Any CPU.Build.0 = Release|Any CPU
		{60C5E9AF-0AF6-2CBF-C35A-61D3568F5519}.Debug|Any CPU.ActiveCfg = Debug|Any CPU
		{60C5E9AF-0AF6-2CBF-C35A-61D3568F5519}.Debug|Any CPU.Build.0 = Debug|Any CPU
		{60C5E9AF-0AF6-2CBF-C35A-61D3568F5519}.Release|Any CPU.ActiveCfg = Release|Any CPU
		{60C5E9AF-0AF6-2CBF-C35A-61D3568F5519}.Release|Any CPU.Build.0 = Release|Any CPU
		{F1EFF6E4-F571-470C-F3BF-46761FF9560B}.Debug|Any CPU.ActiveCfg = Debug|Any CPU
		{F1EFF6E4-F571-470C-F3BF-46761FF9560B}.Debug|Any CPU.Build.0 = Debug|Any CPU
		{F1EFF6E4-F571-470C-F3BF-46761FF9560B}.Release|Any CPU.ActiveCfg = Release|Any CPU
		{F1EFF6E4-F571-470C-F3BF-46761FF9560B}.Release|Any CPU.Build.0 = Release|Any CPU
		{CB595247-E610-01B8-F713-C56E466480A6}.Debug|Any CPU.ActiveCfg = Debug|Any CPU
		{CB595247-E610-01B8-F713-C56E466480A6}.Debug|Any CPU.Build.0 = Debug|Any CPU
		{CB595247-E610-01B8-F713-C56E466480A6}.Release|Any CPU.ActiveCfg = Release|Any CPU
		{CB595247-E610-01B8-F713-C56E466480A6}.Release|Any CPU.Build.0 = Release|Any CPU
		{A24F893F-10AE-304A-2BA9-768B0AB75E25}.Debug|Any CPU.ActiveCfg = Debug|Any CPU
		{A24F893F-10AE-304A-2BA9-768B0AB75E25}.Debug|Any CPU.Build.0 = Debug|Any CPU
		{A24F893F-10AE-304A-2BA9-768B0AB75E25}.Release|Any CPU.ActiveCfg = Release|Any CPU
		{A24F893F-10AE-304A-2BA9-768B0AB75E25}.Release|Any CPU.Build.0 = Release|Any CPU
		{B0FD6B3F-D93E-09B1-3210-1D9A187A95B4}.Debug|Any CPU.ActiveCfg = Debug|Any CPU
		{B0FD6B3F-D93E-09B1-3210-1D9A187A95B4}.Debug|Any CPU.Build.0 = Debug|Any CPU
		{B0FD6B3F-D93E-09B1-3210-1D9A187A95B4}.Release|Any CPU.ActiveCfg = Release|Any CPU
		{B0FD6B3F-D93E-09B1-3210-1D9A187A95B4}.Release|Any CPU.Build.0 = Release|Any CPU
		{9BAB591A-DE5E-D924-806C-9D7BCFBE8E99}.Debug|Any CPU.ActiveCfg = Debug|Any CPU
		{9BAB591A-DE5E-D924-806C-9D7BCFBE8E99}.Debug|Any CPU.Build.0 = Debug|Any CPU
		{9BAB591A-DE5E-D924-806C-9D7BCFBE8E99}.Release|Any CPU.ActiveCfg = Release|Any CPU
		{9BAB591A-DE5E-D924-806C-9D7BCFBE8E99}.Release|Any CPU.Build.0 = Release|Any CPU
		{ADACE478-D242-0417-2718-1A7622AD649E}.Debug|Any CPU.ActiveCfg = Debug|Any CPU
		{ADACE478-D242-0417-2718-1A7622AD649E}.Debug|Any CPU.Build.0 = Debug|Any CPU
		{ADACE478-D242-0417-2718-1A7622AD649E}.Release|Any CPU.ActiveCfg = Release|Any CPU
		{ADACE478-D242-0417-2718-1A7622AD649E}.Release|Any CPU.Build.0 = Release|Any CPU
		{9C7441E0-62A3-5F77-114B-3555E382EF22}.Debug|Any CPU.ActiveCfg = Debug|Any CPU
		{9C7441E0-62A3-5F77-114B-3555E382EF22}.Debug|Any CPU.Build.0 = Debug|Any CPU
		{9C7441E0-62A3-5F77-114B-3555E382EF22}.Release|Any CPU.ActiveCfg = Release|Any CPU
		{9C7441E0-62A3-5F77-114B-3555E382EF22}.Release|Any CPU.Build.0 = Release|Any CPU
		{F4E8BAC4-2920-10F8-6417-217A43B07062}.Debug|Any CPU.ActiveCfg = Debug|Any CPU
		{F4E8BAC4-2920-10F8-6417-217A43B07062}.Debug|Any CPU.Build.0 = Debug|Any CPU
		{F4E8BAC4-2920-10F8-6417-217A43B07062}.Release|Any CPU.ActiveCfg = Release|Any CPU
		{F4E8BAC4-2920-10F8-6417-217A43B07062}.Release|Any CPU.Build.0 = Release|Any CPU
		{EF9512AE-1454-0637-44B3-149CDE2509FA}.Debug|Any CPU.ActiveCfg = Debug|Any CPU
		{EF9512AE-1454-0637-44B3-149CDE2509FA}.Debug|Any CPU.Build.0 = Debug|Any CPU
		{EF9512AE-1454-0637-44B3-149CDE2509FA}.Release|Any CPU.ActiveCfg = Release|Any CPU
		{EF9512AE-1454-0637-44B3-149CDE2509FA}.Release|Any CPU.Build.0 = Release|Any CPU
		{F3267DD8-47ED-D878-7280-70D1A747E2AA}.Debug|Any CPU.ActiveCfg = Debug|Any CPU
		{F3267DD8-47ED-D878-7280-70D1A747E2AA}.Debug|Any CPU.Build.0 = Debug|Any CPU
		{F3267DD8-47ED-D878-7280-70D1A747E2AA}.Release|Any CPU.ActiveCfg = Release|Any CPU
		{F3267DD8-47ED-D878-7280-70D1A747E2AA}.Release|Any CPU.Build.0 = Release|Any CPU
		{2C702B8C-420B-EC33-3534-8AC2B0D7DCDC}.Debug|Any CPU.ActiveCfg = Debug|Any CPU
		{2C702B8C-420B-EC33-3534-8AC2B0D7DCDC}.Debug|Any CPU.Build.0 = Debug|Any CPU
		{2C702B8C-420B-EC33-3534-8AC2B0D7DCDC}.Release|Any CPU.ActiveCfg = Release|Any CPU
		{2C702B8C-420B-EC33-3534-8AC2B0D7DCDC}.Release|Any CPU.Build.0 = Release|Any CPU
		{531F5289-4304-CE1C-CC2A-D1195A83B68C}.Debug|Any CPU.ActiveCfg = Debug|Any CPU
		{531F5289-4304-CE1C-CC2A-D1195A83B68C}.Debug|Any CPU.Build.0 = Debug|Any CPU
		{531F5289-4304-CE1C-CC2A-D1195A83B68C}.Release|Any CPU.ActiveCfg = Release|Any CPU
		{531F5289-4304-CE1C-CC2A-D1195A83B68C}.Release|Any CPU.Build.0 = Release|Any CPU
		{87ECD0A9-D01A-5C88-69B3-D9CC98E745A2}.Debug|Any CPU.ActiveCfg = Debug|Any CPU
		{87ECD0A9-D01A-5C88-69B3-D9CC98E745A2}.Debug|Any CPU.Build.0 = Debug|Any CPU
		{87ECD0A9-D01A-5C88-69B3-D9CC98E745A2}.Release|Any CPU.ActiveCfg = Release|Any CPU
		{87ECD0A9-D01A-5C88-69B3-D9CC98E745A2}.Release|Any CPU.Build.0 = Release|Any CPU
		{03B57CBE-D692-AFAC-112C-1DE184DB1DAA}.Debug|Any CPU.ActiveCfg = Debug|Any CPU
		{03B57CBE-D692-AFAC-112C-1DE184DB1DAA}.Debug|Any CPU.Build.0 = Debug|Any CPU
		{03B57CBE-D692-AFAC-112C-1DE184DB1DAA}.Release|Any CPU.ActiveCfg = Release|Any CPU
		{03B57CBE-D692-AFAC-112C-1DE184DB1DAA}.Release|Any CPU.Build.0 = Release|Any CPU
		{AD79B88C-E320-2B7E-33B4-7B2F55BEFAD5}.Debug|Any CPU.ActiveCfg = Debug|Any CPU
		{AD79B88C-E320-2B7E-33B4-7B2F55BEFAD5}.Debug|Any CPU.Build.0 = Debug|Any CPU
		{AD79B88C-E320-2B7E-33B4-7B2F55BEFAD5}.Release|Any CPU.ActiveCfg = Release|Any CPU
		{AD79B88C-E320-2B7E-33B4-7B2F55BEFAD5}.Release|Any CPU.Build.0 = Release|Any CPU
		{3F0E7879-58E6-AB25-B1DE-91C8E070E50F}.Debug|Any CPU.ActiveCfg = Debug|Any CPU
		{3F0E7879-58E6-AB25-B1DE-91C8E070E50F}.Debug|Any CPU.Build.0 = Debug|Any CPU
		{3F0E7879-58E6-AB25-B1DE-91C8E070E50F}.Release|Any CPU.ActiveCfg = Release|Any CPU
		{3F0E7879-58E6-AB25-B1DE-91C8E070E50F}.Release|Any CPU.Build.0 = Release|Any CPU
		{73080E22-FDAA-B94F-929A-A4687BD2A3BF}.Debug|Any CPU.ActiveCfg = Debug|Any CPU
		{73080E22-FDAA-B94F-929A-A4687BD2A3BF}.Debug|Any CPU.Build.0 = Debug|Any CPU
		{73080E22-FDAA-B94F-929A-A4687BD2A3BF}.Release|Any CPU.ActiveCfg = Release|Any CPU
		{73080E22-FDAA-B94F-929A-A4687BD2A3BF}.Release|Any CPU.Build.0 = Release|Any CPU
		{26C805B6-CCBF-80DC-4ECD-70F8608C9FCD}.Debug|Any CPU.ActiveCfg = Debug|Any CPU
		{26C805B6-CCBF-80DC-4ECD-70F8608C9FCD}.Debug|Any CPU.Build.0 = Debug|Any CPU
		{26C805B6-CCBF-80DC-4ECD-70F8608C9FCD}.Release|Any CPU.ActiveCfg = Release|Any CPU
		{26C805B6-CCBF-80DC-4ECD-70F8608C9FCD}.Release|Any CPU.Build.0 = Release|Any CPU
		{F459E4FD-7BCA-9C0A-F318-283449E2A0C7}.Debug|Any CPU.ActiveCfg = Debug|Any CPU
		{F459E4FD-7BCA-9C0A-F318-283449E2A0C7}.Debug|Any CPU.Build.0 = Debug|Any CPU
		{F459E4FD-7BCA-9C0A-F318-283449E2A0C7}.Release|Any CPU.ActiveCfg = Release|Any CPU
		{F459E4FD-7BCA-9C0A-F318-283449E2A0C7}.Release|Any CPU.Build.0 = Release|Any CPU
		{ADF2B955-040C-2AE9-BE97-EA1EC6513AD5}.Debug|Any CPU.ActiveCfg = Debug|Any CPU
		{ADF2B955-040C-2AE9-BE97-EA1EC6513AD5}.Debug|Any CPU.Build.0 = Debug|Any CPU
		{ADF2B955-040C-2AE9-BE97-EA1EC6513AD5}.Release|Any CPU.ActiveCfg = Release|Any CPU
		{ADF2B955-040C-2AE9-BE97-EA1EC6513AD5}.Release|Any CPU.Build.0 = Release|Any CPU
		{3E814FDC-3163-416D-659E-1DE95A7C147A}.Debug|Any CPU.ActiveCfg = Debug|Any CPU
		{3E814FDC-3163-416D-659E-1DE95A7C147A}.Debug|Any CPU.Build.0 = Debug|Any CPU
		{3E814FDC-3163-416D-659E-1DE95A7C147A}.Release|Any CPU.ActiveCfg = Release|Any CPU
		{3E814FDC-3163-416D-659E-1DE95A7C147A}.Release|Any CPU.Build.0 = Release|Any CPU
		{C5B61B16-4DAD-D603-E6B7-D684986B1F84}.Debug|Any CPU.ActiveCfg = Debug|Any CPU
		{C5B61B16-4DAD-D603-E6B7-D684986B1F84}.Debug|Any CPU.Build.0 = Debug|Any CPU
		{C5B61B16-4DAD-D603-E6B7-D684986B1F84}.Release|Any CPU.ActiveCfg = Release|Any CPU
		{C5B61B16-4DAD-D603-E6B7-D684986B1F84}.Release|Any CPU.Build.0 = Release|Any CPU
		{0DBB75DE-5B66-220C-D31F-C433F72435F8}.Debug|Any CPU.ActiveCfg = Debug|Any CPU
		{0DBB75DE-5B66-220C-D31F-C433F72435F8}.Debug|Any CPU.Build.0 = Debug|Any CPU
		{0DBB75DE-5B66-220C-D31F-C433F72435F8}.Release|Any CPU.ActiveCfg = Release|Any CPU
		{0DBB75DE-5B66-220C-D31F-C433F72435F8}.Release|Any CPU.Build.0 = Release|Any CPU
		{500574DC-4E4D-F901-DA74-381CECD397D8}.Debug|Any CPU.ActiveCfg = Debug|Any CPU
		{500574DC-4E4D-F901-DA74-381CECD397D8}.Debug|Any CPU.Build.0 = Debug|Any CPU
		{500574DC-4E4D-F901-DA74-381CECD397D8}.Release|Any CPU.ActiveCfg = Release|Any CPU
		{500574DC-4E4D-F901-DA74-381CECD397D8}.Release|Any CPU.Build.0 = Release|Any CPU
		{0EC82B0B-FC00-8462-A0C9-722F74B763A2}.Debug|Any CPU.ActiveCfg = Debug|Any CPU
		{0EC82B0B-FC00-8462-A0C9-722F74B763A2}.Debug|Any CPU.Build.0 = Debug|Any CPU
		{0EC82B0B-FC00-8462-A0C9-722F74B763A2}.Release|Any CPU.ActiveCfg = Release|Any CPU
		{0EC82B0B-FC00-8462-A0C9-722F74B763A2}.Release|Any CPU.Build.0 = Release|Any CPU
		{00CCC973-73F4-89E2-CD67-B324B96AED02}.Debug|Any CPU.ActiveCfg = Debug|Any CPU
		{00CCC973-73F4-89E2-CD67-B324B96AED02}.Debug|Any CPU.Build.0 = Debug|Any CPU
		{00CCC973-73F4-89E2-CD67-B324B96AED02}.Release|Any CPU.ActiveCfg = Release|Any CPU
		{00CCC973-73F4-89E2-CD67-B324B96AED02}.Release|Any CPU.Build.0 = Release|Any CPU
		{90A5021F-D76A-CFE0-DE11-3D555AAB9E6C}.Debug|Any CPU.ActiveCfg = Debug|Any CPU
		{90A5021F-D76A-CFE0-DE11-3D555AAB9E6C}.Debug|Any CPU.Build.0 = Debug|Any CPU
		{90A5021F-D76A-CFE0-DE11-3D555AAB9E6C}.Release|Any CPU.ActiveCfg = Release|Any CPU
		{90A5021F-D76A-CFE0-DE11-3D555AAB9E6C}.Release|Any CPU.Build.0 = Release|Any CPU
		{48A6D42F-BB86-9245-82DE-C539E79FBBCC}.Debug|Any CPU.ActiveCfg = Debug|Any CPU
		{48A6D42F-BB86-9245-82DE-C539E79FBBCC}.Debug|Any CPU.Build.0 = Debug|Any CPU
		{48A6D42F-BB86-9245-82DE-C539E79FBBCC}.Release|Any CPU.ActiveCfg = Release|Any CPU
		{48A6D42F-BB86-9245-82DE-C539E79FBBCC}.Release|Any CPU.Build.0 = Release|Any CPU
		{5D0BC394-56A6-247A-C5F1-3828CB5FE7B4}.Debug|Any CPU.ActiveCfg = Debug|Any CPU
		{5D0BC394-56A6-247A-C5F1-3828CB5FE7B4}.Debug|Any CPU.Build.0 = Debug|Any CPU
		{5D0BC394-56A6-247A-C5F1-3828CB5FE7B4}.Release|Any CPU.ActiveCfg = Release|Any CPU
		{5D0BC394-56A6-247A-C5F1-3828CB5FE7B4}.Release|Any CPU.Build.0 = Release|Any CPU
		{E209E202-FED5-1876-3BAB-8E5BD31E172B}.Debug|Any CPU.ActiveCfg = Debug|Any CPU
		{E209E202-FED5-1876-3BAB-8E5BD31E172B}.Debug|Any CPU.Build.0 = Debug|Any CPU
		{E209E202-FED5-1876-3BAB-8E5BD31E172B}.Release|Any CPU.ActiveCfg = Release|Any CPU
		{E209E202-FED5-1876-3BAB-8E5BD31E172B}.Release|Any CPU.Build.0 = Release|Any CPU
		{556F0382-B842-7DD7-1AAF-C6FBFFBBDDF6}.Debug|Any CPU.ActiveCfg = Debug|Any CPU
		{556F0382-B842-7DD7-1AAF-C6FBFFBBDDF6}.Debug|Any CPU.Build.0 = Debug|Any CPU
		{556F0382-B842-7DD7-1AAF-C6FBFFBBDDF6}.Release|Any CPU.ActiveCfg = Release|Any CPU
		{556F0382-B842-7DD7-1AAF-C6FBFFBBDDF6}.Release|Any CPU.Build.0 = Release|Any CPU
		{19F5BB0B-D9A5-02E1-306D-6B7BD16B75D4}.Debug|Any CPU.ActiveCfg = Debug|Any CPU
		{19F5BB0B-D9A5-02E1-306D-6B7BD16B75D4}.Debug|Any CPU.Build.0 = Debug|Any CPU
		{19F5BB0B-D9A5-02E1-306D-6B7BD16B75D4}.Release|Any CPU.ActiveCfg = Release|Any CPU
		{19F5BB0B-D9A5-02E1-306D-6B7BD16B75D4}.Release|Any CPU.Build.0 = Release|Any CPU
		{586686E2-E8D9-18BD-1D25-F134E34F6B30}.Debug|Any CPU.ActiveCfg = Debug|Any CPU
		{586686E2-E8D9-18BD-1D25-F134E34F6B30}.Debug|Any CPU.Build.0 = Debug|Any CPU
		{586686E2-E8D9-18BD-1D25-F134E34F6B30}.Release|Any CPU.ActiveCfg = Release|Any CPU
		{586686E2-E8D9-18BD-1D25-F134E34F6B30}.Release|Any CPU.Build.0 = Release|Any CPU
		{57704955-E813-75CB-B371-AD4BD3E99448}.Debug|Any CPU.ActiveCfg = Debug|Any CPU
		{57704955-E813-75CB-B371-AD4BD3E99448}.Debug|Any CPU.Build.0 = Debug|Any CPU
		{57704955-E813-75CB-B371-AD4BD3E99448}.Release|Any CPU.ActiveCfg = Release|Any CPU
		{57704955-E813-75CB-B371-AD4BD3E99448}.Release|Any CPU.Build.0 = Release|Any CPU
		{6D3FE9E5-E1CE-AA75-8CFC-B863761DABC5}.Debug|Any CPU.ActiveCfg = Debug|Any CPU
		{6D3FE9E5-E1CE-AA75-8CFC-B863761DABC5}.Debug|Any CPU.Build.0 = Debug|Any CPU
		{6D3FE9E5-E1CE-AA75-8CFC-B863761DABC5}.Release|Any CPU.ActiveCfg = Release|Any CPU
		{6D3FE9E5-E1CE-AA75-8CFC-B863761DABC5}.Release|Any CPU.Build.0 = Release|Any CPU
	EndGlobalSection
	GlobalSection(SolutionProperties) = preSolution
		HideSolutionNode = FALSE
	EndGlobalSection
EndGlobal
